# This file is automatically @generated by Cargo.
# It is not intended for manual editing.
version = 3

[[package]]
name = "dylink"
version = "0.0.0"
dependencies = [
 "dylink_macro",
 "once_cell",
]

[[package]]
name = "dylink_macro"
version = "0.1.0"
source = "registry+https://github.com/rust-lang/crates.io-index"
checksum = "35494266b0e4c6a281466733de9bbf4d9ae42ced581545b64c70247ed5f83318"

[[package]]
name = "once_cell"
version = "1.5.2"
source = "registry+https://github.com/rust-lang/crates.io-index"
checksum = "13bd41f508810a131401606d54ac32a467c97172d74ba7662562ebba5ad07fa0"
